
Microsoft Visual Studio Solution File, Format Version 10.00
# Visual Studio 2008
Project("{8BC9CEB8-8B4A-11D0-8D11-00A0C91BC942}") = "task5_21", "task5_21\task5_21.vcproj", "{B916D23D-0345-4006-A914-1A47A191DAB7}"
EndProject
Global
	GlobalSection(SolutionConfigurationPlatforms) = preSolution
		Debug|Win32 = Debug|Win32
		Release|Win32 = Release|Win32
	EndGlobalSection
	GlobalSection(ProjectConfigurationPlatforms) = postSolution
		{B916D23D-0345-4006-A914-1A47A191DAB7}.Debug|Win32.ActiveCfg = Debug|Win32
		{B916D23D-0345-4006-A914-1A47A191DAB7}.Debug|Win32.Build.0 = Debug|Win32
		{B916D23D-0345-4006-A914-1A47A191DAB7}.Release|Win32.ActiveCfg = Release|Win32
		{B916D23D-0345-4006-A914-1A47A191DAB7}.Release|Win32.Build.0 = Release|Win32
	EndGlobalSection
	GlobalSection(SolutionProperties) = preSolution
		HideSolutionNode = FALSE
	EndGlobalSection
EndGlobal
