
Microsoft Visual Studio Solution File, Format Version 10.00
# Visual Studio 2008
Project("{8BC9CEB8-8B4A-11D0-8D11-00A0C91BC942}") = "task5_8", "task5_8\task5_8.vcproj", "{8BCE127A-9F20-4BB0-8D23-BC67E4CE98C7}"
EndProject
Global
	GlobalSection(SolutionConfigurationPlatforms) = preSolution
		Debug|Win32 = Debug|Win32
		Release|Win32 = Release|Win32
	EndGlobalSection
	GlobalSection(ProjectConfigurationPlatforms) = postSolution
		{8BCE127A-9F20-4BB0-8D23-BC67E4CE98C7}.Debug|Win32.ActiveCfg = Debug|Win32
		{8BCE127A-9F20-4BB0-8D23-BC67E4CE98C7}.Debug|Win32.Build.0 = Debug|Win32
		{8BCE127A-9F20-4BB0-8D23-BC67E4CE98C7}.Release|Win32.ActiveCfg = Release|Win32
		{8BCE127A-9F20-4BB0-8D23-BC67E4CE98C7}.Release|Win32.Build.0 = Release|Win32
	EndGlobalSection
	GlobalSection(SolutionProperties) = preSolution
		HideSolutionNode = FALSE
	EndGlobalSection
EndGlobal
